// !$*UTF8*$!
{
	archiveVersion = 1;
	classes = {
	};
	objectVersion = 46;
	objects = {

/* Begin PBXBuildFile section */
		2E2CA2FA92A215FB1287AC7D /* Pods_enbia_social.framework in Frameworks */ = {isa = PBXBuildFile; fileRef = 0C4429263249FEF5E96C1101 /* Pods_enbia_social.framework */; };
		3760CE4F1D5BDB37007E03A9 /* AppDelegate.swift in Sources */ = {isa = PBXBuildFile; fileRef = 3760CE4E1D5BDB37007E03A9 /* AppDelegate.swift */; };
		3760CE511D5BDB37007E03A9 /* SignInVC.swift in Sources */ = {isa = PBXBuildFile; fileRef = 3760CE501D5BDB37007E03A9 /* SignInVC.swift */; };
		3760CE541D5BDB37007E03A9 /* Main.storyboard in Resources */ = {isa = PBXBuildFile; fileRef = 3760CE521D5BDB37007E03A9 /* Main.storyboard */; };
		3760CE561D5BDB37007E03A9 /* Assets.xcassets in Resources */ = {isa = PBXBuildFile; fileRef = 3760CE551D5BDB37007E03A9 /* Assets.xcassets */; };
		3760CE591D5BDB37007E03A9 /* LaunchScreen.storyboard in Resources */ = {isa = PBXBuildFile; fileRef = 3760CE571D5BDB37007E03A9 /* LaunchScreen.storyboard */; };
		3760CE611D5BDBDF007E03A9 /* GoogleService-Info.plist in Resources */ = {isa = PBXBuildFile; fileRef = 3760CE601D5BDBDF007E03A9 /* GoogleService-Info.plist */; };
/* End PBXBuildFile section */

/* Begin PBXFileReference section */
		0C333861C35DF4A1A01360DB /* Pods-enbia-social.debug.xcconfig */ = {isa = PBXFileReference; includeInIndex = 1; lastKnownFileType = text.xcconfig; name = "Pods-enbia-social.debug.xcconfig"; path = "Pods/Target Support Files/Pods-enbia-social/Pods-enbia-social.debug.xcconfig"; sourceTree = "<group>"; };
		0C4429263249FEF5E96C1101 /* Pods_enbia_social.framework */ = {isa = PBXFileReference; explicitFileType = wrapper.framework; includeInIndex = 0; path = Pods_enbia_social.framework; sourceTree = BUILT_PRODUCTS_DIR; };
		3760CE4B1D5BDB37007E03A9 /* enbia-social.app */ = {isa = PBXFileReference; explicitFileType = wrapper.application; includeInIndex = 0; path = "enbia-social.app"; sourceTree = BUILT_PRODUCTS_DIR; };
		3760CE4E1D5BDB37007E03A9 /* AppDelegate.swift */ = {isa = PBXFileReference; lastKnownFileType = sourcecode.swift; path = AppDelegate.swift; sourceTree = "<group>"; };
		3760CE501D5BDB37007E03A9 /* SignInVC.swift */ = {isa = PBXFileReference; lastKnownFileType = sourcecode.swift; path = SignInVC.swift; sourceTree = "<group>"; };
		3760CE531D5BDB37007E03A9 /* Base */ = {isa = PBXFileReference; lastKnownFileType = file.storyboard; name = Base; path = Base.lproj/Main.storyboard; sourceTree = "<group>"; };
		3760CE551D5BDB37007E03A9 /* Assets.xcassets */ = {isa = PBXFileReference; lastKnownFileType = folder.assetcatalog; path = Assets.xcassets; sourceTree = "<group>"; };
		3760CE581D5BDB37007E03A9 /* Base */ = {isa = PBXFileReference; lastKnownFileType = file.storyboard; name = Base; path = Base.lproj/LaunchScreen.storyboard; sourceTree = "<group>"; };
		3760CE5A1D5BDB37007E03A9 /* Info.plist */ = {isa = PBXFileReference; lastKnownFileType = text.plist.xml; path = Info.plist; sourceTree = "<group>"; };
		3760CE601D5BDBDF007E03A9 /* GoogleService-Info.plist */ = {isa = PBXFileReference; fileEncoding = 4; lastKnownFileType = text.plist.xml; path = "GoogleService-Info.plist"; sourceTree = "<group>"; };
		69A43A4B323B158559440D16 /* Pods-enbia-social.release.xcconfig */ = {isa = PBXFileReference; includeInIndex = 1; lastKnownFileType = text.xcconfig; name = "Pods-enbia-social.release.xcconfig"; path = "Pods/Target Support Files/Pods-enbia-social/Pods-enbia-social.release.xcconfig"; sourceTree = "<group>"; };
/* End PBXFileReference section */

/* Begin PBXFrameworksBuildPhase section */
		3760CE481D5BDB37007E03A9 /* Frameworks */ = {
			isa = PBXFrameworksBuildPhase;
			buildActionMask = 2147483647;
			files = (
				2E2CA2FA92A215FB1287AC7D /* Pods_enbia_social.framework in Frameworks */,
			);
			runOnlyForDeploymentPostprocessing = 0;
		};
/* End PBXFrameworksBuildPhase section */

/* Begin PBXGroup section */
		374B63571D5BE59000C817F0 /* View */ = {
			isa = PBXGroup;
			children = (
			);
			name = View;
			sourceTree = "<group>";
		};
		374B63581D5BE59800C817F0 /* Model */ = {
			isa = PBXGroup;
			children = (
			);
			name = Model;
			sourceTree = "<group>";
		};
		374B63591D5BE59D00C817F0 /* Controller */ = {
			isa = PBXGroup;
			children = (
				3760CE501D5BDB37007E03A9 /* SignInVC.swift */,
			);
			name = Controller;
			sourceTree = "<group>";
		};
		3760CE421D5BDB37007E03A9 = {
			isa = PBXGroup;
			children = (
				3760CE4D1D5BDB37007E03A9 /* enbia-social */,
				3760CE4C1D5BDB37007E03A9 /* Products */,
				D75E0EA7E6AF40B1C5A10F47 /* Pods */,
				B20F421F53639E1FC860D235 /* Frameworks */,
			);
			sourceTree = "<group>";
		};
		3760CE4C1D5BDB37007E03A9 /* Products */ = {
			isa = PBXGroup;
			children = (
				3760CE4B1D5BDB37007E03A9 /* enbia-social.app */,
			);
			name = Products;
			sourceTree = "<group>";
		};
		3760CE4D1D5BDB37007E03A9 /* enbia-social */ = {
			isa = PBXGroup;
			children = (
				374B63591D5BE59D00C817F0 /* Controller */,
				374B63581D5BE59800C817F0 /* Model */,
				374B63571D5BE59000C817F0 /* View */,
				3760CE4E1D5BDB37007E03A9 /* AppDelegate.swift */,
				3760CE521D5BDB37007E03A9 /* Main.storyboard */,
				3760CE551D5BDB37007E03A9 /* Assets.xcassets */,
				3760CE571D5BDB37007E03A9 /* LaunchScreen.storyboard */,
				3760CE5A1D5BDB37007E03A9 /* Info.plist */,
				3760CE601D5BDBDF007E03A9 /* GoogleService-Info.plist */,
			);
			path = "enbia-social";
			sourceTree = "<group>";
		};
		B20F421F53639E1FC860D235 /* Frameworks */ = {
			isa = PBXGroup;
			children = (
				0C4429263249FEF5E96C1101 /* Pods_enbia_social.framework */,
			);
			name = Frameworks;
			sourceTree = "<group>";
		};
		D75E0EA7E6AF40B1C5A10F47 /* Pods */ = {
			isa = PBXGroup;
			children = (
				0C333861C35DF4A1A01360DB /* Pods-enbia-social.debug.xcconfig */,
				69A43A4B323B158559440D16 /* Pods-enbia-social.release.xcconfig */,
			);
			name = Pods;
			sourceTree = "<group>";
		};
/* End PBXGroup section */

/* Begin PBXNativeTarget section */
		3760CE4A1D5BDB37007E03A9 /* enbia-social */ = {
			isa = PBXNativeTarget;
			buildConfigurationList = 3760CE5D1D5BDB37007E03A9 /* Build configuration list for PBXNativeTarget "enbia-social" */;
			buildPhases = (
				832754D052FD4D55D1B8979B /* [CP] Check Pods Manifest.lock */,
				3760CE471D5BDB37007E03A9 /* Sources */,
				3760CE481D5BDB37007E03A9 /* Frameworks */,
				3760CE491D5BDB37007E03A9 /* Resources */,
				117706690D34D2726E9FD6C3 /* [CP] Embed Pods Frameworks */,
				80ED6C4ADC3D7AB32E17E538 /* [CP] Copy Pods Resources */,
			);
			buildRules = (
			);
			dependencies = (
			);
			name = "enbia-social";
			productName = "enbia-social";
			productReference = 3760CE4B1D5BDB37007E03A9 /* enbia-social.app */;
			productType = "com.apple.product-type.application";
		};
/* End PBXNativeTarget section */

/* Begin PBXProject section */
		3760CE431D5BDB37007E03A9 /* Project object */ = {
			isa = PBXProject;
			attributes = {
				LastSwiftUpdateCheck = 0800;
				LastUpgradeCheck = 0800;
				ORGANIZATIONNAME = EnBia;
				TargetAttributes = {
					3760CE4A1D5BDB37007E03A9 = {
						CreatedOnToolsVersion = 8.0;
						DevelopmentTeam = 3L28UC8G22;
						ProvisioningStyle = Automatic;
					};
				};
			};
			buildConfigurationList = 3760CE461D5BDB37007E03A9 /* Build configuration list for PBXProject "enbia-social" */;
			compatibilityVersion = "Xcode 3.2";
			developmentRegion = English;
			hasScannedForEncodings = 0;
			knownRegions = (
				en,
				Base,
			);
			mainGroup = 3760CE421D5BDB37007E03A9;
			productRefGroup = 3760CE4C1D5BDB37007E03A9 /* Products */;
			projectDirPath = "";
			projectRoot = "";
			targets = (
				3760CE4A1D5BDB37007E03A9 /* enbia-social */,
			);
		};
/* End PBXProject section */

/* Begin PBXResourcesBuildPhase section */
		3760CE491D5BDB37007E03A9 /* Resources */ = {
			isa = PBXResourcesBuildPhase;
			buildActionMask = 2147483647;
			files = (
				3760CE591D5BDB37007E03A9 /* LaunchScreen.storyboard in Resources */,
				3760CE611D5BDBDF007E03A9 /* GoogleService-Info.plist in Resources */,
				3760CE561D5BDB37007E03A9 /* Assets.xcassets in Resources */,
				3760CE541D5BDB37007E03A9 /* Main.storyboard in Resources */,
			);
			runOnlyForDeploymentPostprocessing = 0;
		};
/* End PBXResourcesBuildPhase section */

/* Begin PBXShellScriptBuildPhase section */
		117706690D34D2726E9FD6C3 /* [CP] Embed Pods Frameworks */ = {
			isa = PBXShellScriptBuildPhase;
			buildActionMask = 2147483647;
			files = (
			);
			inputPaths = (
			);
			name = "[CP] Embed Pods Frameworks";
			outputPaths = (
			);
			runOnlyForDeploymentPostprocessing = 0;
			shellPath = /bin/sh;
			shellScript = "\"${SRCROOT}/Pods/Target Support Files/Pods-enbia-social/Pods-enbia-social-frameworks.sh\"\n";
			showEnvVarsInLog = 0;
		};
		80ED6C4ADC3D7AB32E17E538 /* [CP] Copy Pods Resources */ = {
			isa = PBXShellScriptBuildPhase;
			buildActionMask = 2147483647;
			files = (
			);
			inputPaths = (
			);
			name = "[CP] Copy Pods Resources";
			outputPaths = (
			);
			runOnlyForDeploymentPostprocessing = 0;
			shellPath = /bin/sh;
			shellScript = "\"${SRCROOT}/Pods/Target Support Files/Pods-enbia-social/Pods-enbia-social-resources.sh\"\n";
			showEnvVarsInLog = 0;
		};
		832754D052FD4D55D1B8979B /* [CP] Check Pods Manifest.lock */ = {
			isa = PBXShellScriptBuildPhase;
			buildActionMask = 2147483647;
			files = (
			);
			inputPaths = (
			);
			name = "[CP] Check Pods Manifest.lock";
			outputPaths = (
			);
			runOnlyForDeploymentPostprocessing = 0;
			shellPath = /bin/sh;
			shellScript = "diff \"${PODS_ROOT}/../Podfile.lock\" \"${PODS_ROOT}/Manifest.lock\" > /dev/null\nif [[ $? != 0 ]] ; then\n    cat << EOM\nerror: The sandbox is not in sync with the Podfile.lock. Run 'pod install' or update your CocoaPods installation.\nEOM\n    exit 1\nfi\n";
			showEnvVarsInLog = 0;
		};
/* End PBXShellScriptBuildPhase section */

/* Begin PBXSourcesBuildPhase section */
		3760CE471D5BDB37007E03A9 /* Sources */ = {
			isa = PBXSourcesBuildPhase;
			buildActionMask = 2147483647;
			files = (
				3760CE511D5BDB37007E03A9 /* SignInVC.swift in Sources */,
				3760CE4F1D5BDB37007E03A9 /* AppDelegate.swift in Sources */,
			);
			runOnlyForDeploymentPostprocessing = 0;
		};
/* End PBXSourcesBuildPhase section */

/* Begin PBXVariantGroup section */
		3760CE521D5BDB37007E03A9 /* Main.storyboard */ = {
			isa = PBXVariantGroup;
			children = (
				3760CE531D5BDB37007E03A9 /* Base */,
			);
			name = Main.storyboard;
			sourceTree = "<group>";
		};
		3760CE571D5BDB37007E03A9 /* LaunchScreen.storyboard */ = {
			isa = PBXVariantGroup;
			children = (
				3760CE581D5BDB37007E03A9 /* Base */,
			);
			name = LaunchScreen.storyboard;
			sourceTree = "<group>";
		};
/* End PBXVariantGroup section */

/* Begin XCBuildConfiguration section */
		3760CE5B1D5BDB37007E03A9 /* Debug */ = {
			isa = XCBuildConfiguration;
			buildSettings = {
				ALWAYS_SEARCH_USER_PATHS = NO;
				CLANG_ANALYZER_NONNULL = YES;
				CLANG_CXX_LANGUAGE_STANDARD = "gnu++0x";
				CLANG_CXX_LIBRARY = "libc++";
				CLANG_ENABLE_MODULES = YES;
				CLANG_ENABLE_OBJC_ARC = YES;
				CLANG_WARN_BOOL_CONVERSION = YES;
				CLANG_WARN_CONSTANT_CONVERSION = YES;
				CLANG_WARN_DIRECT_OBJC_ISA_USAGE = YES_ERROR;
				CLANG_WARN_DOCUMENTATION_COMMENTS = YES;
				CLANG_WARN_EMPTY_BODY = YES;
				CLANG_WARN_ENUM_CONVERSION = YES;
				CLANG_WARN_INFINITE_RECURSION = YES;
				CLANG_WARN_INT_CONVERSION = YES;
				CLANG_WARN_OBJC_ROOT_CLASS = YES_ERROR;
				CLANG_WARN_SUSPICIOUS_MOVES = YES;
				CLANG_WARN_UNREACHABLE_CODE = YES;
				CLANG_WARN__DUPLICATE_METHOD_MATCH = YES;
				"CODE_SIGN_IDENTITY[sdk=iphoneos*]" = "iPhone Developer";
				COPY_PHASE_STRIP = NO;
				DEBUG_INFORMATION_FORMAT = dwarf;
				ENABLE_STRICT_OBJC_MSGSEND = YES;
				ENABLE_TESTABILITY = YES;
				GCC_C_LANGUAGE_STANDARD = gnu99;
				GCC_DYNAMIC_NO_PIC = NO;
				GCC_NO_COMMON_BLOCKS = YES;
				GCC_OPTIMIZATION_LEVEL = 0;
				GCC_PREPROCESSOR_DEFINITIONS = (
					"DEBUG=1",
					"$(inherited)",
				);
				GCC_WARN_64_TO_32_BIT_CONVERSION = YES;
				GCC_WARN_ABOUT_RETURN_TYPE = YES_ERROR;
				GCC_WARN_UNDECLARED_SELECTOR = YES;
				GCC_WARN_UNINITIALIZED_AUTOS = YES_AGGRESSIVE;
				GCC_WARN_UNUSED_FUNCTION = YES;
				GCC_WARN_UNUSED_VARIABLE = YES;
				IPHONEOS_DEPLOYMENT_TARGET = 10.0;
				MTL_ENABLE_DEBUG_INFO = YES;
				ONLY_ACTIVE_ARCH = YES;
				SDKROOT = iphoneos;
				SWIFT_ACTIVE_COMPILATION_CONDITIONS = DEBUG;
				SWIFT_OPTIMIZATION_LEVEL = "-Onone";
				TARGETED_DEVICE_FAMILY = "1,2";
			};
			name = Debug;
		};
		3760CE5C1D5BDB37007E03A9 /* Release */ = {
			isa = XCBuildConfiguration;
			buildSettings = {
				ALWAYS_SEARCH_USER_PATHS = NO;
				CLANG_ANALYZER_NONNULL = YES;
				CLANG_CXX_LANGUAGE_STANDARD = "gnu++0x";
				CLANG_CXX_LIBRARY = "libc++";
				CLANG_ENABLE_MODULES = YES;
				CLANG_ENABLE_OBJC_ARC = YES;
				CLANG_WARN_BOOL_CONVERSION = YES;
				CLANG_WARN_CONSTANT_CONVERSION = YES;
				CLANG_WARN_DIRECT_OBJC_ISA_USAGE = YES_ERROR;
				CLANG_WARN_DOCUMENTATION_COMMENTS = YES;
				CLANG_WARN_EMPTY_BODY = YES;
				CLANG_WARN_ENUM_CONVERSION = YES;
				CLANG_WARN_INFINITE_RECURSION = YES;
				CLANG_WARN_INT_CONVERSION = YES;
				CLANG_WARN_OBJC_ROOT_CLASS = YES_ERROR;
				CLANG_WARN_SUSPICIOUS_MOVES = YES;
				CLANG_WARN_UNREACHABLE_CODE = YES;
				CLANG_WARN__DUPLICATE_METHOD_MATCH = YES;
				"CODE_SIGN_IDENTITY[sdk=iphoneos*]" = "iPhone Developer";
				COPY_PHASE_STRIP = NO;
				DEBUG_INFORMATION_FORMAT = "dwarf-with-dsym";
				ENABLE_NS_ASSERTIONS = NO;
				ENABLE_STRICT_OBJC_MSGSEND = YES;
				GCC_C_LANGUAGE_STANDARD = gnu99;
				GCC_NO_COMMON_BLOCKS = YES;
				GCC_WARN_64_TO_32_BIT_CONVERSION = YES;
				GCC_WARN_ABOUT_RETURN_TYPE = YES_ERROR;
				GCC_WARN_UNDECLARED_SELECTOR = YES;
				GCC_WARN_UNINITIALIZED_AUTOS = YES_AGGRESSIVE;
				GCC_WARN_UNUSED_FUNCTION = YES;
				GCC_WARN_UNUSED_VARIABLE = YES;
				IPHONEOS_DEPLOYMENT_TARGET = 10.0;
				MTL_ENABLE_DEBUG_INFO = NO;
				SDKROOT = iphoneos;
				SWIFT_OPTIMIZATION_LEVEL = "-Owholemodule";
				TARGETED_DEVICE_FAMILY = "1,2";
				VALIDATE_PRODUCT = YES;
			};
			name = Release;
		};
		3760CE5E1D5BDB37007E03A9 /* Debug */ = {
			isa = XCBuildConfiguration;
			baseConfigurationReference = 0C333861C35DF4A1A01360DB /* Pods-enbia-social.debug.xcconfig */;
			buildSettings = {
				ASSETCATALOG_COMPILER_APPICON_NAME = AppIcon;
				DEVELOPMENT_TEAM = 3L28UC8G22;
				INFOPLIST_FILE = "enbia-social/Info.plist";
				LD_RUNPATH_SEARCH_PATHS = "$(inherited) @executable_path/Frameworks";
				PRODUCT_BUNDLE_IDENTIFIER = "com.EnBia.enbia-social";
				PRODUCT_NAME = "$(TARGET_NAME)";
				SWIFT_VERSION = 3.0;
			};
			name = Debug;
		};
		3760CE5F1D5BDB37007E03A9 /* Release */ = {
			isa = XCBuildConfiguration;
			baseConfigurationReference = 69A43A4B323B158559440D16 /* Pods-enbia-social.release.xcconfig */;
			buildSettings = {
				ASSETCATALOG_COMPILER_APPICON_NAME = AppIcon;
				DEVELOPMENT_TEAM = 3L28UC8G22;
				INFOPLIST_FILE = "enbia-social/Info.plist";
				LD_RUNPATH_SEARCH_PATHS = "$(inherited) @executable_path/Frameworks";
				PRODUCT_BUNDLE_IDENTIFIER = "com.EnBia.enbia-social";
				PRODUCT_NAME = "$(TARGET_NAME)";
				SWIFT_VERSION = 3.0;
			};
			name = Release;
		};
/* End XCBuildConfiguration section */

/* Begin XCConfigurationList section */
		3760CE461D5BDB37007E03A9 /* Build configuration list for PBXProject "enbia-social" */ = {
			isa = XCConfigurationList;
			buildConfigurations = (
				3760CE5B1D5BDB37007E03A9 /* Debug */,
				3760CE5C1D5BDB37007E03A9 /* Release */,
			);
			defaultConfigurationIsVisible = 0;
			defaultConfigurationName = Release;
		};
		3760CE5D1D5BDB37007E03A9 /* Build configuration list for PBXNativeTarget "enbia-social" */ = {
			isa = XCConfigurationList;
			buildConfigurations = (
				3760CE5E1D5BDB37007E03A9 /* Debug */,
				3760CE5F1D5BDB37007E03A9 /* Release */,
			);
			defaultConfigurationIsVisible = 0;
			defaultConfigurationName = Release;
		};
/* End XCConfigurationList section */
	};
	rootObject = 3760CE431D5BDB37007E03A9 /* Project object */;
}
